// !$*UTF8*$!
{
	archiveVersion = 1;
	classes = {
	};
	objectVersion = 46;
	objects = {

/* Begin PBXBuildFile section */
		FD106A7719640EFB00424A4A /* bottom@2x.png in Resources */ = {isa = PBXBuildFile; fileRef = FD106A7619640EFB00424A4A /* bottom@2x.png */; };
		FD106A831964239400424A4A /* speedoOverlay@2x.png in Resources */ = {isa = PBXBuildFile; fileRef = FD106A821964239400424A4A /* speedoOverlay@2x.png */; };
		FD106A87196442E500424A4A /* dial@2x.png in Resources */ = {isa = PBXBuildFile; fileRef = FD106A86196442E500424A4A /* dial@2x.png */; };
		FD106A8919644B5C00424A4A /* Dotmatrx.ttf in Resources */ = {isa = PBXBuildFile; fileRef = FD106A8819644A3C00424A4A /* Dotmatrx.ttf */; };
		FD250DFC1976C0F9001DF1A2 /* launchscreen@2x.png in Resources */ = {isa = PBXBuildFile; fileRef = FD250DFB1976C0F9001DF1A2 /* launchscreen@2x.png */; };
		FD250DFE1976C4A1001DF1A2 /* iphone5reslaunch@2x.png in Resources */ = {isa = PBXBuildFile; fileRef = FD250DFD1976C4A1001DF1A2 /* iphone5reslaunch@2x.png */; };
		FD250E001976C56E001DF1A2 /* iphone4Launch.png in Resources */ = {isa = PBXBuildFile; fileRef = FD250DFF1976C56E001DF1A2 /* iphone4Launch.png */; };
		FD649B6B1963078600DBE222 /* speedo@2x.png in Resources */ = {isa = PBXBuildFile; fileRef = FD649B6A1963078600DBE222 /* speedo@2x.png */; };
		FD6DF14C196D6AE30055B293 /* middleMarkers@2x.png in Resources */ = {isa = PBXBuildFile; fileRef = FD6DF14B196D6AE30055B293 /* middleMarkers@2x.png */; };
		FD6DF150196D70B30055B293 /* sideMarkers@2x.png in Resources */ = {isa = PBXBuildFile; fileRef = FD6DF14F196D70B30055B293 /* sideMarkers@2x.png */; };
		FD6DF152196D772E0055B293 /* identifier@2x.png in Resources */ = {isa = PBXBuildFile; fileRef = FD6DF151196D772E0055B293 /* identifier@2x.png */; };
		FD6DF155196E8F330055B293 /* clockbackground@2x.png in Resources */ = {isa = PBXBuildFile; fileRef = FD6DF154196E8F330055B293 /* clockbackground@2x.png */; };
		FD6DF15A196E99370055B293 /* digital-7.ttf in Resources */ = {isa = PBXBuildFile; fileRef = FD6DF159196E98B70055B293 /* digital-7.ttf */; };
		FD6DF15B196E998D0055B293 /* Digitaldream.ttf in Resources */ = {isa = PBXBuildFile; fileRef = FD6DF158196E96E30055B293 /* Digitaldream.ttf */; };
		FD6DF15F196EC22C0055B293 /* ArmWrestler.ttf in Resources */ = {isa = PBXBuildFile; fileRef = FD6DF15E196EC22C0055B293 /* ArmWrestler.ttf */; };
		FD6DF161196FEB370055B293 /* icon@2x.png in Resources */ = {isa = PBXBuildFile; fileRef = FD6DF160196FEB370055B293 /* icon@2x.png */; };
		FD6DF163196FEBF30055B293 /* Media.xcassets in Resources */ = {isa = PBXBuildFile; fileRef = FD6DF162196FEBF30055B293 /* Media.xcassets */; };
		FD6DF165196FF58F0055B293 /* icon29.png in Resources */ = {isa = PBXBuildFile; fileRef = FD6DF164196FF58F0055B293 /* icon29.png */; };
		FD6DF167196FF67E0055B293 /* icon58.png in Resources */ = {isa = PBXBuildFile; fileRef = FD6DF166196FF67E0055B293 /* icon58.png */; };
		FD6DF169196FF6EA0055B293 /* icon80.png in Resources */ = {isa = PBXBuildFile; fileRef = FD6DF168196FF6EA0055B293 /* icon80.png */; };
		FD6DF16B196FF7EC0055B293 /* icon57.png in Resources */ = {isa = PBXBuildFile; fileRef = FD6DF16A196FF7EC0055B293 /* icon57.png */; };
		FD6DF16D196FFA100055B293 /* icon40.png in Resources */ = {isa = PBXBuildFile; fileRef = FD6DF16C196FFA100055B293 /* icon40.png */; };
		FD6DF16F196FFAEE0055B293 /* icon50.png in Resources */ = {isa = PBXBuildFile; fileRef = FD6DF16E196FFAEE0055B293 /* icon50.png */; };
		FD6DF171196FFBC60055B293 /* icon100.png in Resources */ = {isa = PBXBuildFile; fileRef = FD6DF170196FFBC60055B293 /* icon100.png */; };
		FD6DF173196FFE8E0055B293 /* icon60@2x.png in Resources */ = {isa = PBXBuildFile; fileRef = FD6DF172196FFE8E0055B293 /* icon60@2x.png */; };
		FD6DF175196FFF2E0055B293 /* icon57@2x.png in Resources */ = {isa = PBXBuildFile; fileRef = FD6DF174196FFF2E0055B293 /* icon57@2x.png */; };
		FD6DF177197002A20055B293 /* icon114@2x.png in Resources */ = {isa = PBXBuildFile; fileRef = FD6DF176197002A20055B293 /* icon114@2x.png */; };
		FD6DF1791976874F0055B293 /* bottomLogo.png in Resources */ = {isa = PBXBuildFile; fileRef = FD6DF1781976874F0055B293 /* bottomLogo.png */; };
		FD6DF17D1976B5810055B293 /* iphone4LaunchImage.png in Resources */ = {isa = PBXBuildFile; fileRef = FD6DF17C1976B5810055B293 /* iphone4LaunchImage.png */; };
		FD6DF17F1976BB090055B293 /* iphone3res.png in Resources */ = {isa = PBXBuildFile; fileRef = FD6DF17E1976BB090055B293 /* iphone3res.png */; };
		FD7A7955195C049400C4ADC0 /* AppDelegate.swift in Sources */ = {isa = PBXBuildFile; fileRef = FD7A7954195C049400C4ADC0 /* AppDelegate.swift */; };
		FD7A7957195C049400C4ADC0 /* ViewController.swift in Sources */ = {isa = PBXBuildFile; fileRef = FD7A7956195C049400C4ADC0 /* ViewController.swift */; };
		FD7A795A195C049400C4ADC0 /* Main.storyboard in Resources */ = {isa = PBXBuildFile; fileRef = FD7A7958195C049400C4ADC0 /* Main.storyboard */; };
		FD7A795C195C049400C4ADC0 /* Images.xcassets in Resources */ = {isa = PBXBuildFile; fileRef = FD7A795B195C049400C4ADC0 /* Images.xcassets */; };
		FD7A7968195C049400C4ADC0 /* CruiseControlTests.swift in Sources */ = {isa = PBXBuildFile; fileRef = FD7A7967195C049400C4ADC0 /* CruiseControlTests.swift */; };
		FD7A7978195C2E5700C4ADC0 /* background.png in Resources */ = {isa = PBXBuildFile; fileRef = FD7A7972195C2E5700C4ADC0 /* background.png */; };
		FD7A7979195C2E5700C4ADC0 /* chevron1.png in Resources */ = {isa = PBXBuildFile; fileRef = FD7A7973195C2E5700C4ADC0 /* chevron1.png */; };
		FD7A797A195C2E5700C4ADC0 /* chevron2.png in Resources */ = {isa = PBXBuildFile; fileRef = FD7A7974195C2E5700C4ADC0 /* chevron2.png */; };
		FD7A797B195C2E5700C4ADC0 /* chevron4.png in Resources */ = {isa = PBXBuildFile; fileRef = FD7A7975195C2E5700C4ADC0 /* chevron4.png */; };
		FD7A797C195C2E5700C4ADC0 /* chevron5.png in Resources */ = {isa = PBXBuildFile; fileRef = FD7A7976195C2E5700C4ADC0 /* chevron5.png */; };
		FD7A797D195C2E5700C4ADC0 /* targetspeed.png in Resources */ = {isa = PBXBuildFile; fileRef = FD7A7977195C2E5700C4ADC0 /* targetspeed.png */; };
		FDEC84F619629D7C00467F30 /* AeroViewController.swift in Sources */ = {isa = PBXBuildFile; fileRef = FDEC84F519629D7C00467F30 /* AeroViewController.swift */; };
/* End PBXBuildFile section */

/* Begin PBXContainerItemProxy section */
		FD7A7962195C049400C4ADC0 /* PBXContainerItemProxy */ = {
			isa = PBXContainerItemProxy;
			containerPortal = FD7A7947195C049400C4ADC0 /* Project object */;
			proxyType = 1;
			remoteGlobalIDString = FD7A794E195C049400C4ADC0;
			remoteInfo = CruiseControl;
		};
/* End PBXContainerItemProxy section */

/* Begin PBXFileReference section */
		FD106A7619640EFB00424A4A /* bottom@2x.png */ = {isa = PBXFileReference; lastKnownFileType = image.png; name = "bottom@2x.png"; path = "assets/bottom@2x.png"; sourceTree = SOURCE_ROOT; };
		FD106A821964239400424A4A /* speedoOverlay@2x.png */ = {isa = PBXFileReference; lastKnownFileType = image.png; name = "speedoOverlay@2x.png"; path = "assets/speedoOverlay@2x.png"; sourceTree = SOURCE_ROOT; };
		FD106A86196442E500424A4A /* dial@2x.png */ = {isa = PBXFileReference; lastKnownFileType = image.png; name = "dial@2x.png"; path = "assets/dial@2x.png"; sourceTree = SOURCE_ROOT; };
		FD106A8819644A3C00424A4A /* Dotmatrx.ttf */ = {isa = PBXFileReference; lastKnownFileType = file; name = Dotmatrx.ttf; path = assets/Dotmatrx.ttf; sourceTree = SOURCE_ROOT; };
		FD250DFB1976C0F9001DF1A2 /* launchscreen@2x.png */ = {isa = PBXFileReference; lastKnownFileType = image.png; name = "launchscreen@2x.png"; path = "assets/LaunchScreenResolutions/launchscreen@2x.png"; sourceTree = SOURCE_ROOT; };
		FD250DFD1976C4A1001DF1A2 /* iphone5reslaunch@2x.png */ = {isa = PBXFileReference; lastKnownFileType = image.png; name = "iphone5reslaunch@2x.png"; path = "assets/LaunchScreenResolutions/iphone5reslaunch@2x.png"; sourceTree = SOURCE_ROOT; };
		FD250DFF1976C56E001DF1A2 /* iphone4Launch.png */ = {isa = PBXFileReference; lastKnownFileType = image.png; name = iphone4Launch.png; path = assets/LaunchScreenResolutions/iphone4Launch.png; sourceTree = SOURCE_ROOT; };
		FD649B6A1963078600DBE222 /* speedo@2x.png */ = {isa = PBXFileReference; lastKnownFileType = image.png; name = "speedo@2x.png"; path = "assets/speedo@2x.png"; sourceTree = SOURCE_ROOT; };
		FD6DF14B196D6AE30055B293 /* middleMarkers@2x.png */ = {isa = PBXFileReference; lastKnownFileType = image.png; name = "middleMarkers@2x.png"; path = "assets/middleMarkers@2x.png"; sourceTree = SOURCE_ROOT; };
		FD6DF14F196D70B30055B293 /* sideMarkers@2x.png */ = {isa = PBXFileReference; lastKnownFileType = image.png; name = "sideMarkers@2x.png"; path = "assets/sideMarkers@2x.png"; sourceTree = SOURCE_ROOT; };
		FD6DF151196D772E0055B293 /* identifier@2x.png */ = {isa = PBXFileReference; lastKnownFileType = image.png; name = "identifier@2x.png"; path = "assets/identifier@2x.png"; sourceTree = SOURCE_ROOT; };
		FD6DF154196E8F330055B293 /* clockbackground@2x.png */ = {isa = PBXFileReference; lastKnownFileType = image.png; name = "clockbackground@2x.png"; path = "assets/clockbackground@2x.png"; sourceTree = SOURCE_ROOT; };
		FD6DF158196E96E30055B293 /* Digitaldream.ttf */ = {isa = PBXFileReference; lastKnownFileType = file; name = Digitaldream.ttf; path = assets/Digitaldream.ttf; sourceTree = SOURCE_ROOT; };
		FD6DF159196E98B70055B293 /* digital-7.ttf */ = {isa = PBXFileReference; lastKnownFileType = file; name = "digital-7.ttf"; path = "assets/digital-7.ttf"; sourceTree = SOURCE_ROOT; };
		FD6DF15E196EC22C0055B293 /* ArmWrestler.ttf */ = {isa = PBXFileReference; lastKnownFileType = file; name = ArmWrestler.ttf; path = assets/ArmWrestler.ttf; sourceTree = SOURCE_ROOT; };
		FD6DF160196FEB370055B293 /* icon@2x.png */ = {isa = PBXFileReference; lastKnownFileType = image.png; name = "icon@2x.png"; path = "assets/icon@2x.png"; sourceTree = SOURCE_ROOT; };
		FD6DF162196FEBF30055B293 /* Media.xcassets */ = {isa = PBXFileReference; lastKnownFileType = folder.assetcatalog; path = Media.xcassets; sourceTree = "<group>"; };
		FD6DF164196FF58F0055B293 /* icon29.png */ = {isa = PBXFileReference; lastKnownFileType = image.png; name = icon29.png; path = assets/icon29.png; sourceTree = SOURCE_ROOT; };
		FD6DF166196FF67E0055B293 /* icon58.png */ = {isa = PBXFileReference; lastKnownFileType = image.png; name = icon58.png; path = assets/icon58.png; sourceTree = SOURCE_ROOT; };
		FD6DF168196FF6EA0055B293 /* icon80.png */ = {isa = PBXFileReference; lastKnownFileType = image.png; name = icon80.png; path = assets/icon80.png; sourceTree = SOURCE_ROOT; };
		FD6DF16A196FF7EC0055B293 /* icon57.png */ = {isa = PBXFileReference; lastKnownFileType = image.png; name = icon57.png; path = assets/icon57.png; sourceTree = SOURCE_ROOT; };
		FD6DF16C196FFA100055B293 /* icon40.png */ = {isa = PBXFileReference; lastKnownFileType = image.png; name = icon40.png; path = assets/icon40.png; sourceTree = SOURCE_ROOT; };
		FD6DF16E196FFAEE0055B293 /* icon50.png */ = {isa = PBXFileReference; lastKnownFileType = image.png; name = icon50.png; path = assets/icon50.png; sourceTree = SOURCE_ROOT; };
		FD6DF170196FFBC60055B293 /* icon100.png */ = {isa = PBXFileReference; lastKnownFileType = image.png; name = icon100.png; path = assets/icon100.png; sourceTree = SOURCE_ROOT; };
		FD6DF172196FFE8E0055B293 /* icon60@2x.png */ = {isa = PBXFileReference; lastKnownFileType = image.png; name = "icon60@2x.png"; path = "assets/icon60@2x.png"; sourceTree = SOURCE_ROOT; };
		FD6DF174196FFF2E0055B293 /* icon57@2x.png */ = {isa = PBXFileReference; lastKnownFileType = image.png; name = "icon57@2x.png"; path = "assets/icon57@2x.png"; sourceTree = SOURCE_ROOT; };
		FD6DF176197002A20055B293 /* icon114@2x.png */ = {isa = PBXFileReference; lastKnownFileType = image.png; name = "icon114@2x.png"; path = "assets/icon114@2x.png"; sourceTree = SOURCE_ROOT; };
		FD6DF1781976874F0055B293 /* bottomLogo.png */ = {isa = PBXFileReference; lastKnownFileType = image.png; name = bottomLogo.png; path = assets/bottomLogo.png; sourceTree = SOURCE_ROOT; };
		FD6DF17C1976B5810055B293 /* iphone4LaunchImage.png */ = {isa = PBXFileReference; lastKnownFileType = image.png; name = iphone4LaunchImage.png; path = assets/iphone4LaunchImage.png; sourceTree = SOURCE_ROOT; };
		FD6DF17E1976BB090055B293 /* iphone3res.png */ = {isa = PBXFileReference; lastKnownFileType = image.png; name = iphone3res.png; path = assets/LaunchScreenResolutions/iphone3res.png; sourceTree = SOURCE_ROOT; };
		FD7A794F195C049400C4ADC0 /* CruiseControl.app */ = {isa = PBXFileReference; explicitFileType = wrapper.application; includeInIndex = 0; path = CruiseControl.app; sourceTree = BUILT_PRODUCTS_DIR; };
		FD7A7953195C049400C4ADC0 /* Info.plist */ = {isa = PBXFileReference; lastKnownFileType = text.plist.xml; path = Info.plist; sourceTree = "<group>"; };
		FD7A7954195C049400C4ADC0 /* AppDelegate.swift */ = {isa = PBXFileReference; lastKnownFileType = sourcecode.swift; path = AppDelegate.swift; sourceTree = "<group>"; };
		FD7A7956195C049400C4ADC0 /* ViewController.swift */ = {isa = PBXFileReference; lastKnownFileType = sourcecode.swift; path = ViewController.swift; sourceTree = "<group>"; };
		FD7A7959195C049400C4ADC0 /* Base */ = {isa = PBXFileReference; lastKnownFileType = file.storyboard; name = Base; path = Base.lproj/Main.storyboard; sourceTree = "<group>"; };
		FD7A795B195C049400C4ADC0 /* Images.xcassets */ = {isa = PBXFileReference; lastKnownFileType = folder.assetcatalog; path = Images.xcassets; sourceTree = "<group>"; };
		FD7A7961195C049400C4ADC0 /* CruiseControlTests.xctest */ = {isa = PBXFileReference; explicitFileType = wrapper.cfbundle; includeInIndex = 0; path = CruiseControlTests.xctest; sourceTree = BUILT_PRODUCTS_DIR; };
		FD7A7966195C049400C4ADC0 /* Info.plist */ = {isa = PBXFileReference; lastKnownFileType = text.plist.xml; path = Info.plist; sourceTree = "<group>"; };
		FD7A7967195C049400C4ADC0 /* CruiseControlTests.swift */ = {isa = PBXFileReference; lastKnownFileType = sourcecode.swift; path = CruiseControlTests.swift; sourceTree = "<group>"; };
		FD7A7972195C2E5700C4ADC0 /* background.png */ = {isa = PBXFileReference; lastKnownFileType = image.png; name = background.png; path = assets/background.png; sourceTree = SOURCE_ROOT; };
		FD7A7973195C2E5700C4ADC0 /* chevron1.png */ = {isa = PBXFileReference; lastKnownFileType = image.png; name = chevron1.png; path = assets/chevron1.png; sourceTree = SOURCE_ROOT; };
		FD7A7974195C2E5700C4ADC0 /* chevron2.png */ = {isa = PBXFileReference; lastKnownFileType = image.png; name = chevron2.png; path = assets/chevron2.png; sourceTree = SOURCE_ROOT; };
		FD7A7975195C2E5700C4ADC0 /* chevron4.png */ = {isa = PBXFileReference; lastKnownFileType = image.png; name = chevron4.png; path = assets/chevron4.png; sourceTree = SOURCE_ROOT; };
		FD7A7976195C2E5700C4ADC0 /* chevron5.png */ = {isa = PBXFileReference; lastKnownFileType = image.png; name = chevron5.png; path = assets/chevron5.png; sourceTree = SOURCE_ROOT; };
		FD7A7977195C2E5700C4ADC0 /* targetspeed.png */ = {isa = PBXFileReference; lastKnownFileType = image.png; name = targetspeed.png; path = assets/targetspeed.png; sourceTree = SOURCE_ROOT; };
		FDEC84F519629D7C00467F30 /* AeroViewController.swift */ = {isa = PBXFileReference; fileEncoding = 4; lastKnownFileType = sourcecode.swift; path = AeroViewController.swift; sourceTree = "<group>"; };
/* End PBXFileReference section */

/* Begin PBXFrameworksBuildPhase section */
		FD7A794C195C049400C4ADC0 /* Frameworks */ = {
			isa = PBXFrameworksBuildPhase;
			buildActionMask = 2147483647;
			files = (
			);
			runOnlyForDeploymentPostprocessing = 0;
		};
		FD7A795E195C049400C4ADC0 /* Frameworks */ = {
			isa = PBXFrameworksBuildPhase;
			buildActionMask = 2147483647;
			files = (
			);
			runOnlyForDeploymentPostprocessing = 0;
		};
/* End PBXFrameworksBuildPhase section */

/* Begin PBXGroup section */
		FD6DF153196DB02B0055B293 /* iPad */ = {
			isa = PBXGroup;
			children = (
			);
			name = iPad;
			sourceTree = "<group>";
		};
		FD7A7946195C049400C4ADC0 = {
			isa = PBXGroup;
			children = (
				FD6DF162196FEBF30055B293 /* Media.xcassets */,
				FD7A7951195C049400C4ADC0 /* CruiseControl */,
				FD7A7964195C049400C4ADC0 /* CruiseControlTests */,
				FD7A7950195C049400C4ADC0 /* Products */,
			);
			sourceTree = "<group>";
		};
		FD7A7950195C049400C4ADC0 /* Products */ = {
			isa = PBXGroup;
			children = (
				FD7A794F195C049400C4ADC0 /* CruiseControl.app */,
				FD7A7961195C049400C4ADC0 /* CruiseControlTests.xctest */,
			);
			name = Products;
			sourceTree = "<group>";
		};
		FD7A7951195C049400C4ADC0 /* CruiseControl */ = {
			isa = PBXGroup;
			children = (
				FD6DF153196DB02B0055B293 /* iPad */,
				FD7A7971195C2E4400C4ADC0 /* assets */,
				FD7A7954195C049400C4ADC0 /* AppDelegate.swift */,
				FD7A7956195C049400C4ADC0 /* ViewController.swift */,
				FD7A7958195C049400C4ADC0 /* Main.storyboard */,
				FD7A795B195C049400C4ADC0 /* Images.xcassets */,
				FD7A7952195C049400C4ADC0 /* Supporting Files */,
				FDEC84F519629D7C00467F30 /* AeroViewController.swift */,
			);
			path = CruiseControl;
			sourceTree = "<group>";
		};
		FD7A7952195C049400C4ADC0 /* Supporting Files */ = {
			isa = PBXGroup;
			children = (
				FD7A7953195C049400C4ADC0 /* Info.plist */,
			);
			name = "Supporting Files";
			sourceTree = "<group>";
		};
		FD7A7964195C049400C4ADC0 /* CruiseControlTests */ = {
			isa = PBXGroup;
			children = (
				FD7A7967195C049400C4ADC0 /* CruiseControlTests.swift */,
				FD7A7965195C049400C4ADC0 /* Supporting Files */,
			);
			path = CruiseControlTests;
			sourceTree = "<group>";
		};
		FD7A7965195C049400C4ADC0 /* Supporting Files */ = {
			isa = PBXGroup;
			children = (
				FD7A7966195C049400C4ADC0 /* Info.plist */,
			);
			name = "Supporting Files";
			sourceTree = "<group>";
		};
		FD7A7971195C2E4400C4ADC0 /* assets */ = {
			isa = PBXGroup;
			children = (
				FD6DF14F196D70B30055B293 /* sideMarkers@2x.png */,
				FD6DF14B196D6AE30055B293 /* middleMarkers@2x.png */,
				FD6DF151196D772E0055B293 /* identifier@2x.png */,
				FD6DF160196FEB370055B293 /* icon@2x.png */,
				FD6DF176197002A20055B293 /* icon114@2x.png */,
				FD6DF172196FFE8E0055B293 /* icon60@2x.png */,
				FD6DF166196FF67E0055B293 /* icon58.png */,
				FD250DFD1976C4A1001DF1A2 /* iphone5reslaunch@2x.png */,
				FD250DFF1976C56E001DF1A2 /* iphone4Launch.png */,
				FD6DF17E1976BB090055B293 /* iphone3res.png */,
				FD250DFB1976C0F9001DF1A2 /* launchscreen@2x.png */,
				FD6DF16C196FFA100055B293 /* icon40.png */,
				FD6DF16E196FFAEE0055B293 /* icon50.png */,
				FD6DF17C1976B5810055B293 /* iphone4LaunchImage.png */,
				FD6DF170196FFBC60055B293 /* icon100.png */,
				FD6DF16A196FF7EC0055B293 /* icon57.png */,
				FD6DF174196FFF2E0055B293 /* icon57@2x.png */,
				FD6DF168196FF6EA0055B293 /* icon80.png */,
				FD6DF1781976874F0055B293 /* bottomLogo.png */,
				FD6DF164196FF58F0055B293 /* icon29.png */,
				FD6DF159196E98B70055B293 /* digital-7.ttf */,
				FD6DF15E196EC22C0055B293 /* ArmWrestler.ttf */,
				FD649B6A1963078600DBE222 /* speedo@2x.png */,
				FD6DF154196E8F330055B293 /* clockbackground@2x.png */,
				FD106A821964239400424A4A /* speedoOverlay@2x.png */,
				FD6DF158196E96E30055B293 /* Digitaldream.ttf */,
				FD106A7619640EFB00424A4A /* bottom@2x.png */,
				FD106A8819644A3C00424A4A /* Dotmatrx.ttf */,
				FD106A86196442E500424A4A /* dial@2x.png */,
				FD7A7972195C2E5700C4ADC0 /* background.png */,
				FD7A7973195C2E5700C4ADC0 /* chevron1.png */,
				FD7A7974195C2E5700C4ADC0 /* chevron2.png */,
				FD7A7975195C2E5700C4ADC0 /* chevron4.png */,
				FD7A7976195C2E5700C4ADC0 /* chevron5.png */,
				FD7A7977195C2E5700C4ADC0 /* targetspeed.png */,
			);
			name = assets;
			sourceTree = "<group>";
		};
/* End PBXGroup section */

/* Begin PBXNativeTarget section */
		FD7A794E195C049400C4ADC0 /* CruiseControl */ = {
			isa = PBXNativeTarget;
			buildConfigurationList = FD7A796B195C049400C4ADC0 /* Build configuration list for PBXNativeTarget "CruiseControl" */;
			buildPhases = (
				FD7A794B195C049400C4ADC0 /* Sources */,
				FD7A794C195C049400C4ADC0 /* Frameworks */,
				FD7A794D195C049400C4ADC0 /* Resources */,
			);
			buildRules = (
			);
			dependencies = (
			);
			name = CruiseControl;
			productName = CruiseControl;
			productReference = FD7A794F195C049400C4ADC0 /* CruiseControl.app */;
			productType = "com.apple.product-type.application";
		};
		FD7A7960195C049400C4ADC0 /* CruiseControlTests */ = {
			isa = PBXNativeTarget;
			buildConfigurationList = FD7A796E195C049400C4ADC0 /* Build configuration list for PBXNativeTarget "CruiseControlTests" */;
			buildPhases = (
				FD7A795D195C049400C4ADC0 /* Sources */,
				FD7A795E195C049400C4ADC0 /* Frameworks */,
				FD7A795F195C049400C4ADC0 /* Resources */,
			);
			buildRules = (
			);
			dependencies = (
				FD7A7963195C049400C4ADC0 /* PBXTargetDependency */,
			);
			name = CruiseControlTests;
			productName = CruiseControlTests;
			productReference = FD7A7961195C049400C4ADC0 /* CruiseControlTests.xctest */;
			productType = "com.apple.product-type.bundle.unit-test";
		};
/* End PBXNativeTarget section */

/* Begin PBXProject section */
		FD7A7947195C049400C4ADC0 /* Project object */ = {
			isa = PBXProject;
			attributes = {
				LastUpgradeCheck = 0600;
				ORGANIZATIONNAME = LukeBuckless;
				TargetAttributes = {
					FD7A794E195C049400C4ADC0 = {
						CreatedOnToolsVersion = 6.0;
						DevelopmentTeam = 3U786KR73N;
					};
					FD7A7960195C049400C4ADC0 = {
						CreatedOnToolsVersion = 6.0;
						TestTargetID = FD7A794E195C049400C4ADC0;
					};
				};
			};
			buildConfigurationList = FD7A794A195C049400C4ADC0 /* Build configuration list for PBXProject "CruiseControl" */;
			compatibilityVersion = "Xcode 3.2";
			developmentRegion = English;
			hasScannedForEncodings = 0;
			knownRegions = (
				en,
				Base,
			);
			mainGroup = FD7A7946195C049400C4ADC0;
			productRefGroup = FD7A7950195C049400C4ADC0 /* Products */;
			projectDirPath = "";
			projectRoot = "";
			targets = (
				FD7A794E195C049400C4ADC0 /* CruiseControl */,
				FD7A7960195C049400C4ADC0 /* CruiseControlTests */,
			);
		};
/* End PBXProject section */

/* Begin PBXResourcesBuildPhase section */
		FD7A794D195C049400C4ADC0 /* Resources */ = {
			isa = PBXResourcesBuildPhase;
			buildActionMask = 2147483647;
			files = (
				FD6DF17D1976B5810055B293 /* iphone4LaunchImage.png in Resources */,
				FD6DF175196FFF2E0055B293 /* icon57@2x.png in Resources */,
				FD7A797C195C2E5700C4ADC0 /* chevron5.png in Resources */,
				FD6DF15A196E99370055B293 /* digital-7.ttf in Resources */,
				FD6DF152196D772E0055B293 /* identifier@2x.png in Resources */,
				FD6DF167196FF67E0055B293 /* icon58.png in Resources */,
				FD250E001976C56E001DF1A2 /* iphone4Launch.png in Resources */,
				FD6DF15F196EC22C0055B293 /* ArmWrestler.ttf in Resources */,
				FD106A8919644B5C00424A4A /* Dotmatrx.ttf in Resources */,
				FD106A831964239400424A4A /* speedoOverlay@2x.png in Resources */,
				FD7A795A195C049400C4ADC0 /* Main.storyboard in Resources */,
				FD6DF16B196FF7EC0055B293 /* icon57.png in Resources */,
				FD106A7719640EFB00424A4A /* bottom@2x.png in Resources */,
				FD6DF161196FEB370055B293 /* icon@2x.png in Resources */,
				FD6DF14C196D6AE30055B293 /* middleMarkers@2x.png in Resources */,
				FD7A797D195C2E5700C4ADC0 /* targetspeed.png in Resources */,
				FD6DF16D196FFA100055B293 /* icon40.png in Resources */,
				FD6DF15B196E998D0055B293 /* Digitaldream.ttf in Resources */,
				FD250DFE1976C4A1001DF1A2 /* iphone5reslaunch@2x.png in Resources */,
				FD6DF173196FFE8E0055B293 /* icon60@2x.png in Resources */,
				FD6DF16F196FFAEE0055B293 /* icon50.png in Resources */,
				FD7A7979195C2E5700C4ADC0 /* chevron1.png in Resources */,
				FD7A797B195C2E5700C4ADC0 /* chevron4.png in Resources */,
				FD6DF1791976874F0055B293 /* bottomLogo.png in Resources */,
				FD6DF150196D70B30055B293 /* sideMarkers@2x.png in Resources */,
				FD250DFC1976C0F9001DF1A2 /* launchscreen@2x.png in Resources */,
				FD6DF155196E8F330055B293 /* clockbackground@2x.png in Resources */,
				FD6DF163196FEBF30055B293 /* Media.xcassets in Resources */,
				FD106A87196442E500424A4A /* dial@2x.png in Resources */,
				FD6DF17F1976BB090055B293 /* iphone3res.png in Resources */,
				FD649B6B1963078600DBE222 /* speedo@2x.png in Resources */,
				FD7A7978195C2E5700C4ADC0 /* background.png in Resources */,
				FD7A795C195C049400C4ADC0 /* Images.xcassets in Resources */,
				FD7A797A195C2E5700C4ADC0 /* chevron2.png in Resources */,
				FD6DF171196FFBC60055B293 /* icon100.png in Resources */,
				FD6DF177197002A20055B293 /* icon114@2x.png in Resources */,
				FD6DF165196FF58F0055B293 /* icon29.png in Resources */,
				FD6DF169196FF6EA0055B293 /* icon80.png in Resources */,
			);
			runOnlyForDeploymentPostprocessing = 0;
		};
		FD7A795F195C049400C4ADC0 /* Resources */ = {
			isa = PBXResourcesBuildPhase;
			buildActionMask = 2147483647;
			files = (
			);
			runOnlyForDeploymentPostprocessing = 0;
		};
/* End PBXResourcesBuildPhase section */

/* Begin PBXSourcesBuildPhase section */
		FD7A794B195C049400C4ADC0 /* Sources */ = {
			isa = PBXSourcesBuildPhase;
			buildActionMask = 2147483647;
			files = (
				FDEC84F619629D7C00467F30 /* AeroViewController.swift in Sources */,
				FD7A7957195C049400C4ADC0 /* ViewController.swift in Sources */,
				FD7A7955195C049400C4ADC0 /* AppDelegate.swift in Sources */,
			);
			runOnlyForDeploymentPostprocessing = 0;
		};
		FD7A795D195C049400C4ADC0 /* Sources */ = {
			isa = PBXSourcesBuildPhase;
			buildActionMask = 2147483647;
			files = (
				FD7A7968195C049400C4ADC0 /* CruiseControlTests.swift in Sources */,
			);
			runOnlyForDeploymentPostprocessing = 0;
		};
/* End PBXSourcesBuildPhase section */

/* Begin PBXTargetDependency section */
		FD7A7963195C049400C4ADC0 /* PBXTargetDependency */ = {
			isa = PBXTargetDependency;
			target = FD7A794E195C049400C4ADC0 /* CruiseControl */;
			targetProxy = FD7A7962195C049400C4ADC0 /* PBXContainerItemProxy */;
		};
/* End PBXTargetDependency section */

/* Begin PBXVariantGroup section */
		FD7A7958195C049400C4ADC0 /* Main.storyboard */ = {
			isa = PBXVariantGroup;
			children = (
				FD7A7959195C049400C4ADC0 /* Base */,
			);
			name = Main.storyboard;
			sourceTree = "<group>";
		};
/* End PBXVariantGroup section */

/* Begin XCBuildConfiguration section */
		FD7A7969195C049400C4ADC0 /* Debug */ = {
			isa = XCBuildConfiguration;
			buildSettings = {
				ALWAYS_SEARCH_USER_PATHS = NO;
				CLANG_CXX_LANGUAGE_STANDARD = "gnu++0x";
				CLANG_CXX_LIBRARY = "libc++";
				CLANG_ENABLE_MODULES = YES;
				CLANG_ENABLE_OBJC_ARC = YES;
				CLANG_WARN_BOOL_CONVERSION = YES;
				CLANG_WARN_CONSTANT_CONVERSION = YES;
				CLANG_WARN_DIRECT_OBJC_ISA_USAGE = YES_ERROR;
				CLANG_WARN_EMPTY_BODY = YES;
				CLANG_WARN_ENUM_CONVERSION = YES;
				CLANG_WARN_INT_CONVERSION = YES;
				CLANG_WARN_OBJC_ROOT_CLASS = YES_ERROR;
				CLANG_WARN_UNREACHABLE_CODE = YES;
				CLANG_WARN__DUPLICATE_METHOD_MATCH = YES;
				CODE_SIGN_IDENTITY = "";
				"CODE_SIGN_IDENTITY[sdk=iphoneos*]" = "";
				COPY_PHASE_STRIP = NO;
				ENABLE_STRICT_OBJC_MSGSEND = YES;
				GCC_C_LANGUAGE_STANDARD = gnu99;
				GCC_DYNAMIC_NO_PIC = NO;
				GCC_OPTIMIZATION_LEVEL = 0;
				GCC_PREPROCESSOR_DEFINITIONS = (
					"DEBUG=1",
					"$(inherited)",
				);
				GCC_SYMBOLS_PRIVATE_EXTERN = NO;
				GCC_WARN_64_TO_32_BIT_CONVERSION = YES;
				GCC_WARN_ABOUT_RETURN_TYPE = YES_ERROR;
				GCC_WARN_UNDECLARED_SELECTOR = YES;
				GCC_WARN_UNINITIALIZED_AUTOS = YES_AGGRESSIVE;
				GCC_WARN_UNUSED_FUNCTION = YES;
				GCC_WARN_UNUSED_VARIABLE = YES;
				IPHONEOS_DEPLOYMENT_TARGET = 8.0;
				METAL_ENABLE_DEBUG_INFO = YES;
				ONLY_ACTIVE_ARCH = YES;
				PROVISIONING_PROFILE = "86FEAD0C-C935-4A01-B62B-E0A3A52F09C5";
				SDKROOT = iphoneos;
				SWIFT_OPTIMIZATION_LEVEL = "-Onone";
			};
			name = Debug;
		};
		FD7A796A195C049400C4ADC0 /* Release */ = {
			isa = XCBuildConfiguration;
			buildSettings = {
				ALWAYS_SEARCH_USER_PATHS = NO;
				CLANG_CXX_LANGUAGE_STANDARD = "gnu++0x";
				CLANG_CXX_LIBRARY = "libc++";
				CLANG_ENABLE_MODULES = YES;
				CLANG_ENABLE_OBJC_ARC = YES;
				CLANG_WARN_BOOL_CONVERSION = YES;
				CLANG_WARN_CONSTANT_CONVERSION = YES;
				CLANG_WARN_DIRECT_OBJC_ISA_USAGE = YES_ERROR;
				CLANG_WARN_EMPTY_BODY = YES;
				CLANG_WARN_ENUM_CONVERSION = YES;
				CLANG_WARN_INT_CONVERSION = YES;
				CLANG_WARN_OBJC_ROOT_CLASS = YES_ERROR;
				CLANG_WARN_UNREACHABLE_CODE = YES;
				CLANG_WARN__DUPLICATE_METHOD_MATCH = YES;
				CODE_SIGN_IDENTITY = "";
				"CODE_SIGN_IDENTITY[sdk=iphoneos*]" = "";
				COPY_PHASE_STRIP = YES;
				ENABLE_NS_ASSERTIONS = NO;
				ENABLE_STRICT_OBJC_MSGSEND = YES;
				GCC_C_LANGUAGE_STANDARD = gnu99;
				GCC_WARN_64_TO_32_BIT_CONVERSION = YES;
				GCC_WARN_ABOUT_RETURN_TYPE = YES_ERROR;
				GCC_WARN_UNDECLARED_SELECTOR = YES;
				GCC_WARN_UNINITIALIZED_AUTOS = YES_AGGRESSIVE;
				GCC_WARN_UNUSED_FUNCTION = YES;
				GCC_WARN_UNUSED_VARIABLE = YES;
				IPHONEOS_DEPLOYMENT_TARGET = 8.0;
				METAL_ENABLE_DEBUG_INFO = NO;
				PROVISIONING_PROFILE = "86FEAD0C-C935-4A01-B62B-E0A3A52F09C5";
				SDKROOT = iphoneos;
				VALIDATE_PRODUCT = YES;
			};
			name = Release;
		};
		FD7A796C195C049400C4ADC0 /* Debug */ = {
			isa = XCBuildConfiguration;
			buildSettings = {
				ASSETCATALOG_COMPILER_APPICON_NAME = AppIcon;
				ASSETCATALOG_COMPILER_LAUNCHIMAGE_NAME = LaunchImage;
				INFOPLIST_FILE = CruiseControl/Info.plist;
				IPHONEOS_DEPLOYMENT_TARGET = 8.0;
				LD_RUNPATH_SEARCH_PATHS = "$(inherited) @executable_path/Frameworks";
				PRODUCT_NAME = "$(TARGET_NAME)";
				TARGETED_DEVICE_FAMILY = 1;
			};
			name = Debug;
		};
		FD7A796D195C049400C4ADC0 /* Release */ = {
			isa = XCBuildConfiguration;
			buildSettings = {
				ASSETCATALOG_COMPILER_APPICON_NAME = AppIcon;
				ASSETCATALOG_COMPILER_LAUNCHIMAGE_NAME = LaunchImage;
				INFOPLIST_FILE = CruiseControl/Info.plist;
				IPHONEOS_DEPLOYMENT_TARGET = 8.0;
				LD_RUNPATH_SEARCH_PATHS = "$(inherited) @executable_path/Frameworks";
				PRODUCT_NAME = "$(TARGET_NAME)";
				TARGETED_DEVICE_FAMILY = 1;
			};
			name = Release;
		};
		FD7A796F195C049400C4ADC0 /* Debug */ = {
			isa = XCBuildConfiguration;
			buildSettings = {
				BUNDLE_LOADER = "$(BUILT_PRODUCTS_DIR)/CruiseControl.app/CruiseControl";
				FRAMEWORK_SEARCH_PATHS = (
					"$(SDKROOT)/Developer/Library/Frameworks",
					"$(inherited)",
				);
				GCC_PREPROCESSOR_DEFINITIONS = (
					"DEBUG=1",
					"$(inherited)",
				);
				INFOPLIST_FILE = CruiseControlTests/Info.plist;
				LD_RUNPATH_SEARCH_PATHS = "$(inherited) @executable_path/Frameworks @loader_path/Frameworks";
				METAL_ENABLE_DEBUG_INFO = YES;
				PRODUCT_NAME = "$(TARGET_NAME)";
				TEST_HOST = "$(BUNDLE_LOADER)";
			};
			name = Debug;
		};
		FD7A7970195C049400C4ADC0 /* Release */ = {
			isa = XCBuildConfiguration;
			buildSettings = {
				BUNDLE_LOADER = "$(BUILT_PRODUCTS_DIR)/CruiseControl.app/CruiseControl";
				FRAMEWORK_SEARCH_PATHS = (
					"$(SDKROOT)/Developer/Library/Frameworks",
					"$(inherited)",
				);
				INFOPLIST_FILE = CruiseControlTests/Info.plist;
				LD_RUNPATH_SEARCH_PATHS = "$(inherited) @executable_path/Frameworks @loader_path/Frameworks";
				METAL_ENABLE_DEBUG_INFO = NO;
				PRODUCT_NAME = "$(TARGET_NAME)";
				TEST_HOST = "$(BUNDLE_LOADER)";
			};
			name = Release;
		};
/* End XCBuildConfiguration section */

/* Begin XCConfigurationList section */
		FD7A794A195C049400C4ADC0 /* Build configuration list for PBXProject "CruiseControl" */ = {
			isa = XCConfigurationList;
			buildConfigurations = (
				FD7A7969195C049400C4ADC0 /* Debug */,
				FD7A796A195C049400C4ADC0 /* Release */,
			);
			defaultConfigurationIsVisible = 0;
			defaultConfigurationName = Release;
		};
		FD7A796B195C049400C4ADC0 /* Build configuration list for PBXNativeTarget "CruiseControl" */ = {
			isa = XCConfigurationList;
			buildConfigurations = (
				FD7A796C195C049400C4ADC0 /* Debug */,
				FD7A796D195C049400C4ADC0 /* Release */,
			);
			defaultConfigurationIsVisible = 0;
			defaultConfigurationName = Release;
		};
		FD7A796E195C049400C4ADC0 /* Build configuration list for PBXNativeTarget "CruiseControlTests" */ = {
			isa = XCConfigurationList;
			buildConfigurations = (
				FD7A796F195C049400C4ADC0 /* Debug */,
				FD7A7970195C049400C4ADC0 /* Release */,
			);
			defaultConfigurationIsVisible = 0;
			defaultConfigurationName = Release;
		};
/* End XCConfigurationList section */
	};
	rootObject = FD7A7947195C049400C4ADC0 /* Project object */;
}
